// !$*UTF8*$!
{
	archiveVersion = 1;
	classes = {
	};
	objectVersion = 46;
	objects = {

/* Begin PBXBuildFile section */
		5A4CE84C1CF3AF29002B7EF2 /* DummyMessageTableViewCell.swift in Sources */ = {isa = PBXBuildFile; fileRef = 5A4CE84B1CF3AF29002B7EF2 /* DummyMessageTableViewCell.swift */; };
		5A89D9291CF26243007EBA3E /* AppDelegate.swift in Sources */ = {isa = PBXBuildFile; fileRef = 5A89D9281CF26243007EBA3E /* AppDelegate.swift */; };
		5A89D92B1CF26243007EBA3E /* ViewController.swift in Sources */ = {isa = PBXBuildFile; fileRef = 5A89D92A1CF26243007EBA3E /* ViewController.swift */; };
		5A89D92E1CF26244007EBA3E /* Main.storyboard in Resources */ = {isa = PBXBuildFile; fileRef = 5A89D92C1CF26244007EBA3E /* Main.storyboard */; };
		5A89D9311CF26244007EBA3E /* rapidlyUpdatingTableView_Swift.xcdatamodeld in Sources */ = {isa = PBXBuildFile; fileRef = 5A89D92F1CF26244007EBA3E /* rapidlyUpdatingTableView_Swift.xcdatamodeld */; };
		5A89D9331CF26244007EBA3E /* Assets.xcassets in Resources */ = {isa = PBXBuildFile; fileRef = 5A89D9321CF26244007EBA3E /* Assets.xcassets */; };
		5A89D9361CF26244007EBA3E /* LaunchScreen.storyboard in Resources */ = {isa = PBXBuildFile; fileRef = 5A89D9341CF26244007EBA3E /* LaunchScreen.storyboard */; };
		5A89D93E1CF28291007EBA3E /* ConversationsListTableViewController.swift in Sources */ = {isa = PBXBuildFile; fileRef = 5A89D93D1CF28291007EBA3E /* ConversationsListTableViewController.swift */; };
		5A89D9411CF282F5007EBA3E /* DummyConversationModel.swift in Sources */ = {isa = PBXBuildFile; fileRef = 5A89D9401CF282F5007EBA3E /* DummyConversationModel.swift */; };
/* End PBXBuildFile section */

/* Begin PBXFileReference section */
		5A4CE84B1CF3AF29002B7EF2 /* DummyMessageTableViewCell.swift */ = {isa = PBXFileReference; fileEncoding = 4; lastKnownFileType = sourcecode.swift; name = DummyMessageTableViewCell.swift; path = "Table Cells/DummyMessageTableViewCell.swift"; sourceTree = "<group>"; };
		5A89D9251CF26243007EBA3E /* rapidlyUpdatingTableView-Swift.app */ = {isa = PBXFileReference; explicitFileType = wrapper.application; includeInIndex = 0; path = "rapidlyUpdatingTableView-Swift.app"; sourceTree = BUILT_PRODUCTS_DIR; };
		5A89D9281CF26243007EBA3E /* AppDelegate.swift */ = {isa = PBXFileReference; lastKnownFileType = sourcecode.swift; path = AppDelegate.swift; sourceTree = "<group>"; };
		5A89D92A1CF26243007EBA3E /* ViewController.swift */ = {isa = PBXFileReference; lastKnownFileType = sourcecode.swift; path = ViewController.swift; sourceTree = "<group>"; };
		5A89D92D1CF26244007EBA3E /* Base */ = {isa = PBXFileReference; lastKnownFileType = file.storyboard; name = Base; path = Base.lproj/Main.storyboard; sourceTree = "<group>"; };
		5A89D9301CF26244007EBA3E /* rapidlyUpdatingTableView_Swift.xcdatamodel */ = {isa = PBXFileReference; lastKnownFileType = wrapper.xcdatamodel; path = rapidlyUpdatingTableView_Swift.xcdatamodel; sourceTree = "<group>"; };
		5A89D9321CF26244007EBA3E /* Assets.xcassets */ = {isa = PBXFileReference; lastKnownFileType = folder.assetcatalog; path = Assets.xcassets; sourceTree = "<group>"; };
		5A89D9351CF26244007EBA3E /* Base */ = {isa = PBXFileReference; lastKnownFileType = file.storyboard; name = Base; path = Base.lproj/LaunchScreen.storyboard; sourceTree = "<group>"; };
		5A89D9371CF26244007EBA3E /* Info.plist */ = {isa = PBXFileReference; lastKnownFileType = text.plist.xml; path = Info.plist; sourceTree = "<group>"; };
		5A89D93D1CF28291007EBA3E /* ConversationsListTableViewController.swift */ = {isa = PBXFileReference; fileEncoding = 4; lastKnownFileType = sourcecode.swift; path = ConversationsListTableViewController.swift; sourceTree = "<group>"; };
		5A89D9401CF282F5007EBA3E /* DummyConversationModel.swift */ = {isa = PBXFileReference; fileEncoding = 4; lastKnownFileType = sourcecode.swift; name = DummyConversationModel.swift; path = Models/DummyConversationModel.swift; sourceTree = "<group>"; };
/* End PBXFileReference section */

/* Begin PBXFrameworksBuildPhase section */
		5A89D9221CF26243007EBA3E /* Frameworks */ = {
			isa = PBXFrameworksBuildPhase;
			buildActionMask = 2147483647;
			files = (
			);
			runOnlyForDeploymentPostprocessing = 0;
		};
/* End PBXFrameworksBuildPhase section */

/* Begin PBXGroup section */
		5A4CE84A1CF3AEE4002B7EF2 /* Table Cells */ = {
			isa = PBXGroup;
			children = (
				5A4CE84B1CF3AF29002B7EF2 /* DummyMessageTableViewCell.swift */,
			);
			name = "Table Cells";
			sourceTree = "<group>";
		};
		5A89D91C1CF26242007EBA3E = {
			isa = PBXGroup;
			children = (
				5A89D9271CF26243007EBA3E /* rapidlyUpdatingTableView-Swift */,
				5A89D9261CF26243007EBA3E /* Products */,
			);
			sourceTree = "<group>";
		};
		5A89D9261CF26243007EBA3E /* Products */ = {
			isa = PBXGroup;
			children = (
				5A89D9251CF26243007EBA3E /* rapidlyUpdatingTableView-Swift.app */,
			);
			name = Products;
			sourceTree = "<group>";
		};
		5A89D9271CF26243007EBA3E /* rapidlyUpdatingTableView-Swift */ = {
			isa = PBXGroup;
			children = (
				5A4CE84A1CF3AEE4002B7EF2 /* Table Cells */,
				5A89D93F1CF282BB007EBA3E /* Models */,
				5A89D9281CF26243007EBA3E /* AppDelegate.swift */,
				5A89D92A1CF26243007EBA3E /* ViewController.swift */,
				5A89D92C1CF26244007EBA3E /* Main.storyboard */,
				5A89D9321CF26244007EBA3E /* Assets.xcassets */,
				5A89D9341CF26244007EBA3E /* LaunchScreen.storyboard */,
				5A89D9371CF26244007EBA3E /* Info.plist */,
				5A89D92F1CF26244007EBA3E /* rapidlyUpdatingTableView_Swift.xcdatamodeld */,
				5A89D93D1CF28291007EBA3E /* ConversationsListTableViewController.swift */,
			);
			path = "rapidlyUpdatingTableView-Swift";
			sourceTree = "<group>";
		};
		5A89D93F1CF282BB007EBA3E /* Models */ = {
			isa = PBXGroup;
			children = (
				5A89D9401CF282F5007EBA3E /* DummyConversationModel.swift */,
			);
			name = Models;
			sourceTree = "<group>";
		};
/* End PBXGroup section */

/* Begin PBXNativeTarget section */
		5A89D9241CF26243007EBA3E /* rapidlyUpdatingTableView-Swift */ = {
			isa = PBXNativeTarget;
			buildConfigurationList = 5A89D93A1CF26244007EBA3E /* Build configuration list for PBXNativeTarget "rapidlyUpdatingTableView-Swift" */;
			buildPhases = (
				5A89D9211CF26243007EBA3E /* Sources */,
				5A89D9221CF26243007EBA3E /* Frameworks */,
				5A89D9231CF26243007EBA3E /* Resources */,
			);
			buildRules = (
			);
			dependencies = (
			);
			name = "rapidlyUpdatingTableView-Swift";
			productName = "rapidlyUpdatingTableView-Swift";
			productReference = 5A89D9251CF26243007EBA3E /* rapidlyUpdatingTableView-Swift.app */;
			productType = "com.apple.product-type.application";
		};
/* End PBXNativeTarget section */

/* Begin PBXProject section */
		5A89D91D1CF26242007EBA3E /* Project object */ = {
			isa = PBXProject;
			attributes = {
				LastSwiftUpdateCheck = 0730;
				LastUpgradeCheck = 0730;
				ORGANIZATIONNAME = "Matthew Keable";
				TargetAttributes = {
					5A89D9241CF26243007EBA3E = {
						CreatedOnToolsVersion = 7.3.1;
						DevelopmentTeam = PCS6LG457P;
					};
				};
			};
			buildConfigurationList = 5A89D9201CF26242007EBA3E /* Build configuration list for PBXProject "rapidlyUpdatingTableView-Swift" */;
			compatibilityVersion = "Xcode 3.2";
			developmentRegion = English;
			hasScannedForEncodings = 0;
			knownRegions = (
				en,
				Base,
			);
			mainGroup = 5A89D91C1CF26242007EBA3E;
			productRefGroup = 5A89D9261CF26243007EBA3E /* Products */;
			projectDirPath = "";
			projectRoot = "";
			targets = (
				5A89D9241CF26243007EBA3E /* rapidlyUpdatingTableView-Swift */,
			);
		};
/* End PBXProject section */

/* Begin PBXResourcesBuildPhase section */
		5A89D9231CF26243007EBA3E /* Resources */ = {
			isa = PBXResourcesBuildPhase;
			buildActionMask = 2147483647;
			files = (
				5A89D9361CF26244007EBA3E /* LaunchScreen.storyboard in Resources */,
				5A89D9331CF26244007EBA3E /* Assets.xcassets in Resources */,
				5A89D92E1CF26244007EBA3E /* Main.storyboard in Resources */,
			);
			runOnlyForDeploymentPostprocessing = 0;
		};
/* End PBXResourcesBuildPhase section */

/* Begin PBXSourcesBuildPhase section */
		5A89D9211CF26243007EBA3E /* Sources */ = {
			isa = PBXSourcesBuildPhase;
			buildActionMask = 2147483647;
			files = (
				5A89D9411CF282F5007EBA3E /* DummyConversationModel.swift in Sources */,
				5A89D92B1CF26243007EBA3E /* ViewController.swift in Sources */,
				5A89D9311CF26244007EBA3E /* rapidlyUpdatingTableView_Swift.xcdatamodeld in Sources */,
				5A89D93E1CF28291007EBA3E /* ConversationsListTableViewController.swift in Sources */,
				5A4CE84C1CF3AF29002B7EF2 /* DummyMessageTableViewCell.swift in Sources */,
				5A89D9291CF26243007EBA3E /* AppDelegate.swift in Sources */,
			);
			runOnlyForDeploymentPostprocessing = 0;
		};
/* End PBXSourcesBuildPhase section */

/* Begin PBXVariantGroup section */
		5A89D92C1CF26244007EBA3E /* Main.storyboard */ = {
			isa = PBXVariantGroup;
			children = (
				5A89D92D1CF26244007EBA3E /* Base */,
			);
			name = Main.storyboard;
			sourceTree = "<group>";
		};
		5A89D9341CF26244007EBA3E /* LaunchScreen.storyboard */ = {
			isa = PBXVariantGroup;
			children = (
				5A89D9351CF26244007EBA3E /* Base */,
			);
			name = LaunchScreen.storyboard;
			sourceTree = "<group>";
		};
/* End PBXVariantGroup section */

/* Begin XCBuildConfiguration section */
		5A89D9381CF26244007EBA3E /* Debug */ = {
			isa = XCBuildConfiguration;
			buildSettings = {
				ALWAYS_SEARCH_USER_PATHS = NO;
				CLANG_ANALYZER_NONNULL = YES;
				CLANG_CXX_LANGUAGE_STANDARD = "gnu++0x";
				CLANG_CXX_LIBRARY = "libc++";
				CLANG_ENABLE_MODULES = YES;
				CLANG_ENABLE_OBJC_ARC = YES;
				CLANG_WARN_BOOL_CONVERSION = YES;
				CLANG_WARN_CONSTANT_CONVERSION = YES;
				CLANG_WARN_DIRECT_OBJC_ISA_USAGE = YES_ERROR;
				CLANG_WARN_EMPTY_BODY = YES;
				CLANG_WARN_ENUM_CONVERSION = YES;
				CLANG_WARN_INT_CONVERSION = YES;
				CLANG_WARN_OBJC_ROOT_CLASS = YES_ERROR;
				CLANG_WARN_UNREACHABLE_CODE = YES;
				CLANG_WARN__DUPLICATE_METHOD_MATCH = YES;
				"CODE_SIGN_IDENTITY[sdk=iphoneos*]" = "iPhone Developer";
				COPY_PHASE_STRIP = NO;
				DEBUG_INFORMATION_FORMAT = dwarf;
				ENABLE_STRICT_OBJC_MSGSEND = YES;
				ENABLE_TESTABILITY = YES;
				GCC_C_LANGUAGE_STANDARD = gnu99;
				GCC_DYNAMIC_NO_PIC = NO;
				GCC_NO_COMMON_BLOCKS = YES;
				GCC_OPTIMIZATION_LEVEL = 0;
				GCC_PREPROCESSOR_DEFINITIONS = (
					"DEBUG=1",
					"$(inherited)",
				);
				GCC_WARN_64_TO_32_BIT_CONVERSION = YES;
				GCC_WARN_ABOUT_RETURN_TYPE = YES_ERROR;
				GCC_WARN_UNDECLARED_SELECTOR = YES;
				GCC_WARN_UNINITIALIZED_AUTOS = YES_AGGRESSIVE;
				GCC_WARN_UNUSED_FUNCTION = YES;
				GCC_WARN_UNUSED_VARIABLE = YES;
				IPHONEOS_DEPLOYMENT_TARGET = 9.3;
				MTL_ENABLE_DEBUG_INFO = YES;
				ONLY_ACTIVE_ARCH = YES;
				SDKROOT = iphoneos;
				SWIFT_OPTIMIZATION_LEVEL = "-Onone";
				TARGETED_DEVICE_FAMILY = "1,2";
			};
			name = Debug;
		};
		5A89D9391CF26244007EBA3E /* Release */ = {
			isa = XCBuildConfiguration;
			buildSettings = {
				ALWAYS_SEARCH_USER_PATHS = NO;
				CLANG_ANALYZER_NONNULL = YES;
				CLANG_CXX_LANGUAGE_STANDARD = "gnu++0x";
				CLANG_CXX_LIBRARY = "libc++";
				CLANG_ENABLE_MODULES = YES;
				CLANG_ENABLE_OBJC_ARC = YES;
				CLANG_WARN_BOOL_CONVERSION = YES;
				CLANG_WARN_CONSTANT_CONVERSION = YES;
				CLANG_WARN_DIRECT_OBJC_ISA_USAGE = YES_ERROR;
				CLANG_WARN_EMPTY_BODY = YES;
				CLANG_WARN_ENUM_CONVERSION = YES;
				CLANG_WARN_INT_CONVERSION = YES;
				CLANG_WARN_OBJC_ROOT_CLASS = YES_ERROR;
				CLANG_WARN_UNREACHABLE_CODE = YES;
				CLANG_WARN__DUPLICATE_METHOD_MATCH = YES;
				"CODE_SIGN_IDENTITY[sdk=iphoneos*]" = "iPhone Developer";
				COPY_PHASE_STRIP = NO;
				DEBUG_INFORMATION_FORMAT = "dwarf-with-dsym";
				ENABLE_NS_ASSERTIONS = NO;
				ENABLE_STRICT_OBJC_MSGSEND = YES;
				GCC_C_LANGUAGE_STANDARD = gnu99;
				GCC_NO_COMMON_BLOCKS = YES;
				GCC_WARN_64_TO_32_BIT_CONVERSION = YES;
				GCC_WARN_ABOUT_RETURN_TYPE = YES_ERROR;
				GCC_WARN_UNDECLARED_SELECTOR = YES;
				GCC_WARN_UNINITIALIZED_AUTOS = YES_AGGRESSIVE;
				GCC_WARN_UNUSED_FUNCTION = YES;
				GCC_WARN_UNUSED_VARIABLE = YES;
				IPHONEOS_DEPLOYMENT_TARGET = 9.3;
				MTL_ENABLE_DEBUG_INFO = NO;
				SDKROOT = iphoneos;
				TARGETED_DEVICE_FAMILY = "1,2";
				VALIDATE_PRODUCT = YES;
			};
			name = Release;
		};
		5A89D93B1CF26244007EBA3E /* Debug */ = {
			isa = XCBuildConfiguration;
			buildSettings = {
				ASSETCATALOG_COMPILER_APPICON_NAME = AppIcon;
				CODE_SIGN_IDENTITY = "iPhone Developer";
				"CODE_SIGN_IDENTITY[sdk=iphoneos*]" = "iPhone Developer";
				INFOPLIST_FILE = "rapidlyUpdatingTableView-Swift/Info.plist";
				LD_RUNPATH_SEARCH_PATHS = "$(inherited) @executable_path/Frameworks";
				PRODUCT_BUNDLE_IDENTIFIER = "me.keable.matthew.rapidlyUpdatingTableView-Swift";
				PRODUCT_NAME = "$(TARGET_NAME)";
				PROVISIONING_PROFILE = "";
			};
			name = Debug;
		};
		5A89D93C1CF26244007EBA3E /* Release */ = {
			isa = XCBuildConfiguration;
			buildSettings = {
				ASSETCATALOG_COMPILER_APPICON_NAME = AppIcon;
				CODE_SIGN_IDENTITY = "iPhone Developer";
				"CODE_SIGN_IDENTITY[sdk=iphoneos*]" = "iPhone Developer";
				INFOPLIST_FILE = "rapidlyUpdatingTableView-Swift/Info.plist";
				LD_RUNPATH_SEARCH_PATHS = "$(inherited) @executable_path/Frameworks";
				PRODUCT_BUNDLE_IDENTIFIER = "me.keable.matthew.rapidlyUpdatingTableView-Swift";
				PRODUCT_NAME = "$(TARGET_NAME)";
				PROVISIONING_PROFILE = "";
			};
			name = Release;
		};
/* End XCBuildConfiguration section */

/* Begin XCConfigurationList section */
		5A89D9201CF26242007EBA3E /* Build configuration list for PBXProject "rapidlyUpdatingTableView-Swift" */ = {
			isa = XCConfigurationList;
			buildConfigurations = (
				5A89D9381CF26244007EBA3E /* Debug */,
				5A89D9391CF26244007EBA3E /* Release */,
			);
			defaultConfigurationIsVisible = 0;
			defaultConfigurationName = Release;
		};
		5A89D93A1CF26244007EBA3E /* Build configuration list for PBXNativeTarget "rapidlyUpdatingTableView-Swift" */ = {
			isa = XCConfigurationList;
			buildConfigurations = (
				5A89D93B1CF26244007EBA3E /* Debug */,
				5A89D93C1CF26244007EBA3E /* Release */,
			);
			defaultConfigurationIsVisible = 0;
			defaultConfigurationName = Release;
		};
/* End XCConfigurationList section */

/* Begin XCVersionGroup section */
		5A89D92F1CF26244007EBA3E /* rapidlyUpdatingTableView_Swift.xcdatamodeld */ = {
			isa = XCVersionGroup;
			children = (
				5A89D9301CF26244007EBA3E /* rapidlyUpdatingTableView_Swift.xcdatamodel */,
			);
			currentVersion = 5A89D9301CF26244007EBA3E /* rapidlyUpdatingTableView_Swift.xcdatamodel */;
			path = rapidlyUpdatingTableView_Swift.xcdatamodeld;
			sourceTree = "<group>";
			versionGroupType = wrapper.xcdatamodel;
		};
/* End XCVersionGroup section */
	};
	rootObject = 5A89D91D1CF26242007EBA3E /* Project object */;
}
